# THIS IS AN AUTOGENERATED FILE. DO NOT EDIT THIS FILE DIRECTLY.
# yarn lockfile v1


"@types/node@^17.0.21":
  version "17.0.21"
  resolved "https://domoreexp.pkgs.visualstudio.com/_packaging/npm-mirror/npm/registry/@types/node/-/node-17.0.21.tgz#864b987c0c68d07b4345845c3e63b75edd143644"
  integrity sha1-hkuYfAxo0HtDRYRcPmO3Xt0UNkQ=

ansi-escapes@^3.2.0:
  version "3.2.0"
  resolved "https://domoreexp.pkgs.visualstudio.com/_packaging/npm-mirror/npm/registry/ansi-escapes/-/ansi-escapes-3.2.0.tgz#8780b98ff9dbf5638152d1f1fe5c1d7b4442976b"
  integrity sha1-h4C5j/nb9WOBUtHx/lwde0RCl2s=

cli-select@^1.1.2:
  version "1.1.2"
  resolved "https://domoreexp.pkgs.visualstudio.com/_packaging/npm-mirror/npm/registry/cli-select/-/cli-select-1.1.2.tgz#456dced464b3346ca661b16a0e37fc4b28db4818"
  integrity sha1-RW3O1GSzNGymYbFqDjf8SyjbSBg=
  dependencies:
    ansi-escapes "^3.2.0"

typescript@^4.6.2:
  version "4.6.2"
  resolved "https://domoreexp.pkgs.visualstudio.com/_packaging/npm-mirror/npm/registry/typescript/-/typescript-4.6.2.tgz#fe12d2727b708f4eef40f51598b3398baa9611d4"
  integrity sha1-/hLScntwj07vQPUVmLM5i6qWEdQ=
